
Microsoft Visual Studio Solution File, Format Version 12.00
# Visual Studio Version 17
VisualStudioVersion = 17.0.31903.59
MinimumVisualStudioVersion = 10.0.40219.1
Project("{FAE04EC0-301F-11D3-BF4B-00C04F79EFBC}") = "SoberDinner.Api", "SoberDinner.Api\SoberDinner.Api.csproj", "{12C75A9C-93C8-4681-8D26-E684DE684C5C}"
EndProject
Project("{FAE04EC0-301F-11D3-BF4B-00C04F79EFBC}") = "SoberDinner.Application", "SoberDinner.Application\SoberDinner.Application.csproj", "{BD4F5AC1-E3A2-4EFC-BFDF-BAFE16C92028}"
EndProject
Project("{FAE04EC0-301F-11D3-BF4B-00C04F79EFBC}") = "SoberDinner.Contracts", "SoberDinner.Contracts\SoberDinner.Contracts.csproj", "{4F047762-C353-4260-B18B-A2849189E5ED}"
EndProject
Project("{FAE04EC0-301F-11D3-BF4B-00C04F79EFBC}") = "SoberDinner.Domain", "SoberDinner.Domain\SoberDinner.Domain.csproj", "{E3FFA75F-8854-4971-A8B5-47D9CB4AFF95}"
EndProject
Project("{FAE04EC0-301F-11D3-BF4B-00C04F79EFBC}") = "SoberDinner.Infrastructure", "SoberDinner.Infrastructure\SoberDinner.Infrastructure.csproj", "{B9767C50-1548-41B9-8689-0DEDB405BD99}"
EndProject
Global
	GlobalSection(SolutionConfigurationPlatforms) = preSolution
		Debug|Any CPU = Debug|Any CPU
		Release|Any CPU = Release|Any CPU
	EndGlobalSection
	GlobalSection(SolutionProperties) = preSolution
		HideSolutionNode = FALSE
	EndGlobalSection
	GlobalSection(ProjectConfigurationPlatforms) = postSolution
		{12C75A9C-93C8-4681-8D26-E684DE684C5C}.Debug|Any CPU.ActiveCfg = Debug|Any CPU
		{12C75A9C-93C8-4681-8D26-E684DE684C5C}.Debug|Any CPU.Build.0 = Debug|Any CPU
		{12C75A9C-93C8-4681-8D26-E684DE684C5C}.Release|Any CPU.ActiveCfg = Release|Any CPU
		{12C75A9C-93C8-4681-8D26-E684DE684C5C}.Release|Any CPU.Build.0 = Release|Any CPU
		{BD4F5AC1-E3A2-4EFC-BFDF-BAFE16C92028}.Debug|Any CPU.ActiveCfg = Debug|Any CPU
		{BD4F5AC1-E3A2-4EFC-BFDF-BAFE16C92028}.Debug|Any CPU.Build.0 = Debug|Any CPU
		{BD4F5AC1-E3A2-4EFC-BFDF-BAFE16C92028}.Release|Any CPU.ActiveCfg = Release|Any CPU
		{BD4F5AC1-E3A2-4EFC-BFDF-BAFE16C92028}.Release|Any CPU.Build.0 = Release|Any CPU
		{4F047762-C353-4260-B18B-A2849189E5ED}.Debug|Any CPU.ActiveCfg = Debug|Any CPU
		{4F047762-C353-4260-B18B-A2849189E5ED}.Debug|Any CPU.Build.0 = Debug|Any CPU
		{4F047762-C353-4260-B18B-A2849189E5ED}.Release|Any CPU.ActiveCfg = Release|Any CPU
		{4F047762-C353-4260-B18B-A2849189E5ED}.Release|Any CPU.Build.0 = Release|Any CPU
		{E3FFA75F-8854-4971-A8B5-47D9CB4AFF95}.Debug|Any CPU.ActiveCfg = Debug|Any CPU
		{E3FFA75F-8854-4971-A8B5-47D9CB4AFF95}.Debug|Any CPU.Build.0 = Debug|Any CPU
		{E3FFA75F-8854-4971-A8B5-47D9CB4AFF95}.Release|Any CPU.ActiveCfg = Release|Any CPU
		{E3FFA75F-8854-4971-A8B5-47D9CB4AFF95}.Release|Any CPU.Build.0 = Release|Any CPU
		{B9767C50-1548-41B9-8689-0DEDB405BD99}.Debug|Any CPU.ActiveCfg = Debug|Any CPU
		{B9767C50-1548-41B9-8689-0DEDB405BD99}.Debug|Any CPU.Build.0 = Debug|Any CPU
		{B9767C50-1548-41B9-8689-0DEDB405BD99}.Release|Any CPU.ActiveCfg = Release|Any CPU
		{B9767C50-1548-41B9-8689-0DEDB405BD99}.Release|Any CPU.Build.0 = Release|Any CPU
	EndGlobalSection
EndGlobal
